
Microsoft Visual Studio Solution File, Format Version 12.00
# Visual Studio Version 17
VisualStudioVersion = 17.0.32112.339
MinimumVisualStudioVersion = 10.0.40219.1
Project("{FAE04EC0-301F-11D3-BF4B-00C04F79EFBC}") = "Utin7_7", "Utin7_7.csproj", "{B4B9E66A-EFFF-45DF-BF2A-8620B07598EE}"
EndProject
Global
	GlobalSection(SolutionConfigurationPlatforms) = preSolution
		Debug|Any CPU = Debug|Any CPU
		Release|Any CPU = Release|Any CPU
	EndGlobalSection
	GlobalSection(ProjectConfigurationPlatforms) = postSolution
		{B4B9E66A-EFFF-45DF-BF2A-8620B07598EE}.Debug|Any CPU.ActiveCfg = Debug|Any CPU
		{B4B9E66A-EFFF-45DF-BF2A-8620B07598EE}.Debug|Any CPU.Build.0 = Debug|Any CPU
		{B4B9E66A-EFFF-45DF-BF2A-8620B07598EE}.Release|Any CPU.ActiveCfg = Release|Any CPU
		{B4B9E66A-EFFF-45DF-BF2A-8620B07598EE}.Release|Any CPU.Build.0 = Release|Any CPU
	EndGlobalSection
	GlobalSection(SolutionProperties) = preSolution
		HideSolutionNode = FALSE
	EndGlobalSection
	GlobalSection(ExtensibilityGlobals) = postSolution
		SolutionGuid = {70C82C53-DCE9-4D46-84E9-B6E0FB4F2DE5}
	EndGlobalSection
EndGlobal
